
Microsoft Visual Studio Solution File, Format Version 12.00
# Visual Studio Version 16
VisualStudioVersion = 16.0.30114.105
MinimumVisualStudioVersion = 10.0.40219.1
Project("{FAE04EC0-301F-11D3-BF4B-00C04F79EFBC}") = "Duthie.Bot", "Bot\Duthie.Bot.csproj", "{A2867EF5-4FC6-41FF-BA14-B14E1168C235}"
EndProject
Project("{FAE04EC0-301F-11D3-BF4B-00C04F79EFBC}") = "Duthie.Data", "Data\Duthie.Data.csproj", "{17F5C929-C6EA-45B8-A3F0-9BBFF98B1ED5}"
EndProject
Project("{FAE04EC0-301F-11D3-BF4B-00C04F79EFBC}") = "Duthie.Services", "Services\Duthie.Services.csproj", "{FBE981AA-3BC1-4146-95BA-45C72B1C11EA}"
EndProject
Project("{FAE04EC0-301F-11D3-BF4B-00C04F79EFBC}") = "Duthie.Types", "Types\Duthie.Types.csproj", "{C730FE4A-B685-4391-ACE0-0AE62664E714}"
EndProject
Project("{2150E333-8FDC-42A3-9474-1A3956D46DE8}") = "Modules", "Modules", "{217430FD-91C2-4265-9368-F76920646910}"
EndProject
Project("{FAE04EC0-301F-11D3-BF4B-00C04F79EFBC}") = "Duthie.Modules.LeagueGaming", "Modules\LeagueGaming\Duthie.Modules.LeagueGaming.csproj", "{9FBDE311-2085-46C6-BD98-DAD5AB26456C}"
EndProject
Project("{FAE04EC0-301F-11D3-BF4B-00C04F79EFBC}") = "Duthie.Modules.LeagueGaming.Tests", "Modules\LeagueGaming.Tests\Duthie.Modules.LeagueGaming.Tests.csproj", "{63821888-B5A2-458C-88CC-E115E4EDB561}"
EndProject
Project("{FAE04EC0-301F-11D3-BF4B-00C04F79EFBC}") = "Duthie.Modules.MyVirtualGaming", "Modules\MyVirtualGaming\Duthie.Modules.MyVirtualGaming.csproj", "{12A10EA5-A818-4A95-8AA0-FDB59DC1A670}"
EndProject
Project("{FAE04EC0-301F-11D3-BF4B-00C04F79EFBC}") = "Duthie.Modules.MyVirtualGaming.Tests", "Modules\MyVirtualGaming.Tests\Duthie.Modules.MyVirtualGaming.Tests.csproj", "{A3661680-B964-43DC-BFD0-9E31F4CDEE19}"
EndProject
Project("{FAE04EC0-301F-11D3-BF4B-00C04F79EFBC}") = "Duthie.Modules.TheSpnhl", "Modules\TheSpnhl\Duthie.Modules.TheSpnhl.csproj", "{57FA7DC3-60FE-4E59-8A1A-0678E34AE7B1}"
EndProject
Project("{FAE04EC0-301F-11D3-BF4B-00C04F79EFBC}") = "Duthie.Modules.TheSpnhl.Tests", "Modules\TheSpnhl.Tests\Duthie.Modules.TheSpnhl.Tests.csproj", "{7A847D52-1C51-4D55-AF60-F60E7473FC5D}"
EndProject
Global
	GlobalSection(SolutionConfigurationPlatforms) = preSolution
		Debug|Any CPU = Debug|Any CPU
		Release|Any CPU = Release|Any CPU
	EndGlobalSection
	GlobalSection(SolutionProperties) = preSolution
		HideSolutionNode = FALSE
	EndGlobalSection
	GlobalSection(ProjectConfigurationPlatforms) = postSolution
		{A2867EF5-4FC6-41FF-BA14-B14E1168C235}.Debug|Any CPU.ActiveCfg = Debug|Any CPU
		{A2867EF5-4FC6-41FF-BA14-B14E1168C235}.Debug|Any CPU.Build.0 = Debug|Any CPU
		{A2867EF5-4FC6-41FF-BA14-B14E1168C235}.Release|Any CPU.ActiveCfg = Release|Any CPU
		{A2867EF5-4FC6-41FF-BA14-B14E1168C235}.Release|Any CPU.Build.0 = Release|Any CPU
		{17F5C929-C6EA-45B8-A3F0-9BBFF98B1ED5}.Debug|Any CPU.ActiveCfg = Debug|Any CPU
		{17F5C929-C6EA-45B8-A3F0-9BBFF98B1ED5}.Debug|Any CPU.Build.0 = Debug|Any CPU
		{17F5C929-C6EA-45B8-A3F0-9BBFF98B1ED5}.Release|Any CPU.ActiveCfg = Release|Any CPU
		{17F5C929-C6EA-45B8-A3F0-9BBFF98B1ED5}.Release|Any CPU.Build.0 = Release|Any CPU
		{FBE981AA-3BC1-4146-95BA-45C72B1C11EA}.Debug|Any CPU.ActiveCfg = Debug|Any CPU
		{FBE981AA-3BC1-4146-95BA-45C72B1C11EA}.Debug|Any CPU.Build.0 = Debug|Any CPU
		{FBE981AA-3BC1-4146-95BA-45C72B1C11EA}.Release|Any CPU.ActiveCfg = Release|Any CPU
		{FBE981AA-3BC1-4146-95BA-45C72B1C11EA}.Release|Any CPU.Build.0 = Release|Any CPU
		{C730FE4A-B685-4391-ACE0-0AE62664E714}.Debug|Any CPU.ActiveCfg = Debug|Any CPU
		{C730FE4A-B685-4391-ACE0-0AE62664E714}.Debug|Any CPU.Build.0 = Debug|Any CPU
		{C730FE4A-B685-4391-ACE0-0AE62664E714}.Release|Any CPU.ActiveCfg = Release|Any CPU
		{C730FE4A-B685-4391-ACE0-0AE62664E714}.Release|Any CPU.Build.0 = Release|Any CPU
		{63821888-B5A2-458C-88CC-E115E4EDB561}.Debug|Any CPU.ActiveCfg = Debug|Any CPU
		{63821888-B5A2-458C-88CC-E115E4EDB561}.Debug|Any CPU.Build.0 = Debug|Any CPU
		{63821888-B5A2-458C-88CC-E115E4EDB561}.Release|Any CPU.ActiveCfg = Release|Any CPU
		{63821888-B5A2-458C-88CC-E115E4EDB561}.Release|Any CPU.Build.0 = Release|Any CPU
		{9FBDE311-2085-46C6-BD98-DAD5AB26456C}.Debug|Any CPU.ActiveCfg = Debug|Any CPU
		{9FBDE311-2085-46C6-BD98-DAD5AB26456C}.Debug|Any CPU.Build.0 = Debug|Any CPU
		{9FBDE311-2085-46C6-BD98-DAD5AB26456C}.Release|Any CPU.ActiveCfg = Release|Any CPU
		{9FBDE311-2085-46C6-BD98-DAD5AB26456C}.Release|Any CPU.Build.0 = Release|Any CPU
		{A3661680-B964-43DC-BFD0-9E31F4CDEE19}.Debug|Any CPU.ActiveCfg = Debug|Any CPU
		{A3661680-B964-43DC-BFD0-9E31F4CDEE19}.Debug|Any CPU.Build.0 = Debug|Any CPU
		{A3661680-B964-43DC-BFD0-9E31F4CDEE19}.Release|Any CPU.ActiveCfg = Release|Any CPU
		{A3661680-B964-43DC-BFD0-9E31F4CDEE19}.Release|Any CPU.Build.0 = Release|Any CPU
		{12A10EA5-A818-4A95-8AA0-FDB59DC1A670}.Debug|Any CPU.ActiveCfg = Debug|Any CPU
		{12A10EA5-A818-4A95-8AA0-FDB59DC1A670}.Debug|Any CPU.Build.0 = Debug|Any CPU
		{12A10EA5-A818-4A95-8AA0-FDB59DC1A670}.Release|Any CPU.ActiveCfg = Release|Any CPU
		{12A10EA5-A818-4A95-8AA0-FDB59DC1A670}.Release|Any CPU.Build.0 = Release|Any CPU
		{7A847D52-1C51-4D55-AF60-F60E7473FC5D}.Debug|Any CPU.ActiveCfg = Debug|Any CPU
		{7A847D52-1C51-4D55-AF60-F60E7473FC5D}.Debug|Any CPU.Build.0 = Debug|Any CPU
		{7A847D52-1C51-4D55-AF60-F60E7473FC5D}.Release|Any CPU.ActiveCfg = Release|Any CPU
		{7A847D52-1C51-4D55-AF60-F60E7473FC5D}.Release|Any CPU.Build.0 = Release|Any CPU
		{57FA7DC3-60FE-4E59-8A1A-0678E34AE7B1}.Debug|Any CPU.ActiveCfg = Debug|Any CPU
		{57FA7DC3-60FE-4E59-8A1A-0678E34AE7B1}.Debug|Any CPU.Build.0 = Debug|Any CPU
		{57FA7DC3-60FE-4E59-8A1A-0678E34AE7B1}.Release|Any CPU.ActiveCfg = Release|Any CPU
		{57FA7DC3-60FE-4E59-8A1A-0678E34AE7B1}.Release|Any CPU.Build.0 = Release|Any CPU
	EndGlobalSection
	GlobalSection(NestedProjects) = preSolution
		{63821888-B5A2-458C-88CC-E115E4EDB561} = {217430FD-91C2-4265-9368-F76920646910}
		{9FBDE311-2085-46C6-BD98-DAD5AB26456C} = {217430FD-91C2-4265-9368-F76920646910}
		{A3661680-B964-43DC-BFD0-9E31F4CDEE19} = {217430FD-91C2-4265-9368-F76920646910}
		{12A10EA5-A818-4A95-8AA0-FDB59DC1A670} = {217430FD-91C2-4265-9368-F76920646910}
		{7A847D52-1C51-4D55-AF60-F60E7473FC5D} = {217430FD-91C2-4265-9368-F76920646910}
		{57FA7DC3-60FE-4E59-8A1A-0678E34AE7B1} = {217430FD-91C2-4265-9368-F76920646910}
	EndGlobalSection
EndGlobal
