
Microsoft Visual Studio Solution File, Format Version 12.00
# Visual Studio Version 16
VisualStudioVersion = 16.0.30114.105
MinimumVisualStudioVersion = 10.0.40219.1
Project("{FAE04EC0-301F-11D3-BF4B-00C04F79EFBC}") = "Duthie.Bot", "Bot\Duthie.Bot.csproj", "{A2867EF5-4FC6-41FF-BA14-B14E1168C235}"
EndProject
Project("{FAE04EC0-301F-11D3-BF4B-00C04F79EFBC}") = "Duthie.Data", "Data\Duthie.Data.csproj", "{17F5C929-C6EA-45B8-A3F0-9BBFF98B1ED5}"
EndProject
Project("{FAE04EC0-301F-11D3-BF4B-00C04F79EFBC}") = "Duthie.Services", "Services\Duthie.Services.csproj", "{FBE981AA-3BC1-4146-95BA-45C72B1C11EA}"
EndProject
Project("{FAE04EC0-301F-11D3-BF4B-00C04F79EFBC}") = "Duthie.Types", "Types\Duthie.Types.csproj", "{C730FE4A-B685-4391-ACE0-0AE62664E714}"
EndProject
Project("{2150E333-8FDC-42A3-9474-1A3956D46DE8}") = "Modules", "Modules", "{4F407175-26F4-428E-9647-A0F49CA336D9}"
EndProject
Project("{FAE04EC0-301F-11D3-BF4B-00C04F79EFBC}") = "Duthie.Modules.Leaguegaming", "Modules\Leaguegaming\Duthie.Modules.Leaguegaming.csproj", "{36E91667-8AD1-4E5F-BF8D-0B4B1EBE4066}"
EndProject
Project("{FAE04EC0-301F-11D3-BF4B-00C04F79EFBC}") = "Duthie.Modules.Leaguegaming.Tests", "Modules\Leaguegaming.Tests\Duthie.Modules.Leaguegaming.Tests.csproj", "{49853B80-8636-47E7-BE86-49369B7248BB}"
EndProject
Project("{FAE04EC0-301F-11D3-BF4B-00C04F79EFBC}") = "Duthie.Modules.MyVirtualGaming", "Modules\MyVirtualGaming\Duthie.Modules.MyVirtualGaming.csproj", "{48AC26F0-78AB-49B7-AC6D-B680FDF5DB6E}"
EndProject
Project("{FAE04EC0-301F-11D3-BF4B-00C04F79EFBC}") = "Duthie.Modules.MyVirtualGaming.Tests", "Modules\MyVirtualGaming.Tests\Duthie.Modules.MyVirtualGaming.Tests.csproj", "{0B520BBC-4F38-4BF6-9327-6E4729507ADA}"
EndProject
Project("{FAE04EC0-301F-11D3-BF4B-00C04F79EFBC}") = "Duthie.Modules.TheSpnhl", "Modules\TheSpnhl\Duthie.Modules.TheSpnhl.csproj", "{A131C327-DCAC-4A21-9132-82FBBB935F3D}"
EndProject
Project("{FAE04EC0-301F-11D3-BF4B-00C04F79EFBC}") = "Duthie.Modules.TheSpnhl.Tests", "Modules\TheSpnhl.Tests\Duthie.Modules.TheSpnhl.Tests.csproj", "{3B62D6D6-2699-44F7-A5EF-74D3F1E67E76}"
EndProject
Project("{2150E333-8FDC-42A3-9474-1A3956D46DE8}") = "Migrations", "Migrations", "{69D5611E-0D6E-47D4-8EF0-CA975C38FF21}"
EndProject
Project("{FAE04EC0-301F-11D3-BF4B-00C04F79EFBC}") = "Duthie.Migrations.Sqlite", "Migrations\Sqlite\Duthie.Migrations.Sqlite.csproj", "{D16122C1-CB2F-4AC1-8FB2-A04E09C213A2}"
EndProject
Project("{FAE04EC0-301F-11D3-BF4B-00C04F79EFBC}") = "Duthie.Migrations.Mysql", "Migrations\Mysql\Duthie.Migrations.Mysql.csproj", "{8D1D6F0A-FD11-40F3-BA57-8B3C4C867DBE}"
EndProject
Global
	GlobalSection(SolutionConfigurationPlatforms) = preSolution
		Debug|Any CPU = Debug|Any CPU
		Release|Any CPU = Release|Any CPU
	EndGlobalSection
	GlobalSection(SolutionProperties) = preSolution
		HideSolutionNode = FALSE
	EndGlobalSection
	GlobalSection(ProjectConfigurationPlatforms) = postSolution
		{A2867EF5-4FC6-41FF-BA14-B14E1168C235}.Debug|Any CPU.ActiveCfg = Debug|Any CPU
		{A2867EF5-4FC6-41FF-BA14-B14E1168C235}.Debug|Any CPU.Build.0 = Debug|Any CPU
		{A2867EF5-4FC6-41FF-BA14-B14E1168C235}.Release|Any CPU.ActiveCfg = Release|Any CPU
		{A2867EF5-4FC6-41FF-BA14-B14E1168C235}.Release|Any CPU.Build.0 = Release|Any CPU
		{17F5C929-C6EA-45B8-A3F0-9BBFF98B1ED5}.Debug|Any CPU.ActiveCfg = Debug|Any CPU
		{17F5C929-C6EA-45B8-A3F0-9BBFF98B1ED5}.Debug|Any CPU.Build.0 = Debug|Any CPU
		{17F5C929-C6EA-45B8-A3F0-9BBFF98B1ED5}.Release|Any CPU.ActiveCfg = Release|Any CPU
		{17F5C929-C6EA-45B8-A3F0-9BBFF98B1ED5}.Release|Any CPU.Build.0 = Release|Any CPU
		{FBE981AA-3BC1-4146-95BA-45C72B1C11EA}.Debug|Any CPU.ActiveCfg = Debug|Any CPU
		{FBE981AA-3BC1-4146-95BA-45C72B1C11EA}.Debug|Any CPU.Build.0 = Debug|Any CPU
		{FBE981AA-3BC1-4146-95BA-45C72B1C11EA}.Release|Any CPU.ActiveCfg = Release|Any CPU
		{FBE981AA-3BC1-4146-95BA-45C72B1C11EA}.Release|Any CPU.Build.0 = Release|Any CPU
		{C730FE4A-B685-4391-ACE0-0AE62664E714}.Debug|Any CPU.ActiveCfg = Debug|Any CPU
		{C730FE4A-B685-4391-ACE0-0AE62664E714}.Debug|Any CPU.Build.0 = Debug|Any CPU
		{C730FE4A-B685-4391-ACE0-0AE62664E714}.Release|Any CPU.ActiveCfg = Release|Any CPU
		{C730FE4A-B685-4391-ACE0-0AE62664E714}.Release|Any CPU.Build.0 = Release|Any CPU
		{36E91667-8AD1-4E5F-BF8D-0B4B1EBE4066}.Debug|Any CPU.ActiveCfg = Debug|Any CPU
		{36E91667-8AD1-4E5F-BF8D-0B4B1EBE4066}.Debug|Any CPU.Build.0 = Debug|Any CPU
		{36E91667-8AD1-4E5F-BF8D-0B4B1EBE4066}.Release|Any CPU.ActiveCfg = Release|Any CPU
		{36E91667-8AD1-4E5F-BF8D-0B4B1EBE4066}.Release|Any CPU.Build.0 = Release|Any CPU
		{49853B80-8636-47E7-BE86-49369B7248BB}.Debug|Any CPU.ActiveCfg = Debug|Any CPU
		{49853B80-8636-47E7-BE86-49369B7248BB}.Debug|Any CPU.Build.0 = Debug|Any CPU
		{49853B80-8636-47E7-BE86-49369B7248BB}.Release|Any CPU.ActiveCfg = Release|Any CPU
		{49853B80-8636-47E7-BE86-49369B7248BB}.Release|Any CPU.Build.0 = Release|Any CPU
		{48AC26F0-78AB-49B7-AC6D-B680FDF5DB6E}.Debug|Any CPU.ActiveCfg = Debug|Any CPU
		{48AC26F0-78AB-49B7-AC6D-B680FDF5DB6E}.Debug|Any CPU.Build.0 = Debug|Any CPU
		{48AC26F0-78AB-49B7-AC6D-B680FDF5DB6E}.Release|Any CPU.ActiveCfg = Release|Any CPU
		{48AC26F0-78AB-49B7-AC6D-B680FDF5DB6E}.Release|Any CPU.Build.0 = Release|Any CPU
		{0B520BBC-4F38-4BF6-9327-6E4729507ADA}.Debug|Any CPU.ActiveCfg = Debug|Any CPU
		{0B520BBC-4F38-4BF6-9327-6E4729507ADA}.Debug|Any CPU.Build.0 = Debug|Any CPU
		{0B520BBC-4F38-4BF6-9327-6E4729507ADA}.Release|Any CPU.ActiveCfg = Release|Any CPU
		{0B520BBC-4F38-4BF6-9327-6E4729507ADA}.Release|Any CPU.Build.0 = Release|Any CPU
		{A131C327-DCAC-4A21-9132-82FBBB935F3D}.Debug|Any CPU.ActiveCfg = Debug|Any CPU
		{A131C327-DCAC-4A21-9132-82FBBB935F3D}.Debug|Any CPU.Build.0 = Debug|Any CPU
		{A131C327-DCAC-4A21-9132-82FBBB935F3D}.Release|Any CPU.ActiveCfg = Release|Any CPU
		{A131C327-DCAC-4A21-9132-82FBBB935F3D}.Release|Any CPU.Build.0 = Release|Any CPU
		{3B62D6D6-2699-44F7-A5EF-74D3F1E67E76}.Debug|Any CPU.ActiveCfg = Debug|Any CPU
		{3B62D6D6-2699-44F7-A5EF-74D3F1E67E76}.Debug|Any CPU.Build.0 = Debug|Any CPU
		{3B62D6D6-2699-44F7-A5EF-74D3F1E67E76}.Release|Any CPU.ActiveCfg = Release|Any CPU
		{3B62D6D6-2699-44F7-A5EF-74D3F1E67E76}.Release|Any CPU.Build.0 = Release|Any CPU
		{D16122C1-CB2F-4AC1-8FB2-A04E09C213A2}.Debug|Any CPU.ActiveCfg = Debug|Any CPU
		{D16122C1-CB2F-4AC1-8FB2-A04E09C213A2}.Debug|Any CPU.Build.0 = Debug|Any CPU
		{D16122C1-CB2F-4AC1-8FB2-A04E09C213A2}.Release|Any CPU.ActiveCfg = Release|Any CPU
		{D16122C1-CB2F-4AC1-8FB2-A04E09C213A2}.Release|Any CPU.Build.0 = Release|Any CPU
		{8D1D6F0A-FD11-40F3-BA57-8B3C4C867DBE}.Debug|Any CPU.ActiveCfg = Debug|Any CPU
		{8D1D6F0A-FD11-40F3-BA57-8B3C4C867DBE}.Debug|Any CPU.Build.0 = Debug|Any CPU
		{8D1D6F0A-FD11-40F3-BA57-8B3C4C867DBE}.Release|Any CPU.ActiveCfg = Release|Any CPU
		{8D1D6F0A-FD11-40F3-BA57-8B3C4C867DBE}.Release|Any CPU.Build.0 = Release|Any CPU
	EndGlobalSection
	GlobalSection(NestedProjects) = preSolution
		{36E91667-8AD1-4E5F-BF8D-0B4B1EBE4066} = {4F407175-26F4-428E-9647-A0F49CA336D9}
		{49853B80-8636-47E7-BE86-49369B7248BB} = {4F407175-26F4-428E-9647-A0F49CA336D9}
		{48AC26F0-78AB-49B7-AC6D-B680FDF5DB6E} = {4F407175-26F4-428E-9647-A0F49CA336D9}
		{0B520BBC-4F38-4BF6-9327-6E4729507ADA} = {4F407175-26F4-428E-9647-A0F49CA336D9}
		{A131C327-DCAC-4A21-9132-82FBBB935F3D} = {4F407175-26F4-428E-9647-A0F49CA336D9}
		{3B62D6D6-2699-44F7-A5EF-74D3F1E67E76} = {4F407175-26F4-428E-9647-A0F49CA336D9}
		{D16122C1-CB2F-4AC1-8FB2-A04E09C213A2} = {69D5611E-0D6E-47D4-8EF0-CA975C38FF21}
		{8D1D6F0A-FD11-40F3-BA57-8B3C4C867DBE} = {69D5611E-0D6E-47D4-8EF0-CA975C38FF21}
	EndGlobalSection
EndGlobal
